Microsoft Visual Studio Solution File, Format Version 12.00
# Visual Studio Version 17
VisualStudioVersion = 17.5.2.0
MinimumVisualStudioVersion = 10.0.40219.1
Project("{FAE04EC0-301F-11D3-BF4B-00C04F79EFBC}") = "BasicTaskManager", "BasicTaskManager.csproj", "{75AB5574-51A2-A8DB-929F-6EAB50F3424E}"
EndProject
Global
	GlobalSection(SolutionConfigurationPlatforms) = preSolution
		Debug|Any CPU = Debug|Any CPU
		Release|Any CPU = Release|Any CPU
	EndGlobalSection
	GlobalSection(ProjectConfigurationPlatforms) = postSolution
		{75AB5574-51A2-A8DB-929F-6EAB50F3424E}.Debug|Any CPU.ActiveCfg = Debug|Any CPU
		{75AB5574-51A2-A8DB-929F-6EAB50F3424E}.Debug|Any CPU.Build.0 = Debug|Any CPU
		{75AB5574-51A2-A8DB-929F-6EAB50F3424E}.Release|Any CPU.ActiveCfg = Release|Any CPU
		{75AB5574-51A2-A8DB-929F-6EAB50F3424E}.Release|Any CPU.Build.0 = Release|Any CPU
	EndGlobalSection
	GlobalSection(SolutionProperties) = preSolution
		HideSolutionNode = FALSE
	EndGlobalSection
	GlobalSection(ExtensibilityGlobals) = postSolution
		SolutionGuid = {BECA0B5D-69D0-4150-BFA3-1CF0D0146FA5}
	EndGlobalSection
EndGlobal
